// !$*UTF8*$!
{
	archiveVersion = 1;
	classes = {
	};
	objectVersion = 50;
	objects = {

/* Begin PBXBuildFile section */
		291C18182553C6820083D42F /* AppDelegate.m in Sources */ = {isa = PBXBuildFile; fileRef = 291C18172553C6820083D42F /* AppDelegate.m */; };
		291C181B2553C6820083D42F /* SceneDelegate.m in Sources */ = {isa = PBXBuildFile; fileRef = 291C181A2553C6820083D42F /* SceneDelegate.m */; };
		291C181E2553C6820083D42F /* ViewController.m in Sources */ = {isa = PBXBuildFile; fileRef = 291C181D2553C6820083D42F /* ViewController.m */; };
		291C18212553C6820083D42F /* Main.storyboard in Resources */ = {isa = PBXBuildFile; fileRef = 291C181F2553C6820083D42F /* Main.storyboard */; };
		291C18232553C6840083D42F /* Assets.xcassets in Resources */ = {isa = PBXBuildFile; fileRef = 291C18222553C6840083D42F /* Assets.xcassets */; };
		291C18262553C6840083D42F /* LaunchScreen.storyboard in Resources */ = {isa = PBXBuildFile; fileRef = 291C18242553C6840083D42F /* LaunchScreen.storyboard */; };
		291C18292553C6840083D42F /* main.m in Sources */ = {isa = PBXBuildFile; fileRef = 291C18282553C6840083D42F /* main.m */; };
		291C18382553C7F80083D42F /* Podfile in Resources */ = {isa = PBXBuildFile; fileRef = 291C18372553C7F80083D42F /* Podfile */; };
		6E7446F95579234281A44727 /* libPods-YXNetworkManagerDemo.a in Frameworks */ = {isa = PBXBuildFile; fileRef = 56C6D8524C1B91E22B1D92D5 /* libPods-YXNetworkManagerDemo.a */; };
/* End PBXBuildFile section */

/* Begin PBXFileReference section */
		077442649DDDE6746BC06BF1 /* Pods-YXNetworkManagerDemo.debug.xcconfig */ = {isa = PBXFileReference; includeInIndex = 1; lastKnownFileType = text.xcconfig; name = "Pods-YXNetworkManagerDemo.debug.xcconfig"; path = "Target Support Files/Pods-YXNetworkManagerDemo/Pods-YXNetworkManagerDemo.debug.xcconfig"; sourceTree = "<group>"; };
		291C18132553C6820083D42F /* YXNetworkManagerDemo.app */ = {isa = PBXFileReference; explicitFileType = wrapper.application; includeInIndex = 0; path = YXNetworkManagerDemo.app; sourceTree = BUILT_PRODUCTS_DIR; };
		291C18162553C6820083D42F /* AppDelegate.h */ = {isa = PBXFileReference; lastKnownFileType = sourcecode.c.h; path = AppDelegate.h; sourceTree = "<group>"; };
		291C18172553C6820083D42F /* AppDelegate.m */ = {isa = PBXFileReference; lastKnownFileType = sourcecode.c.objc; path = AppDelegate.m; sourceTree = "<group>"; };
		291C18192553C6820083D42F /* SceneDelegate.h */ = {isa = PBXFileReference; lastKnownFileType = sourcecode.c.h; path = SceneDelegate.h; sourceTree = "<group>"; };
		291C181A2553C6820083D42F /* SceneDelegate.m */ = {isa = PBXFileReference; lastKnownFileType = sourcecode.c.objc; path = SceneDelegate.m; sourceTree = "<group>"; };
		291C181C2553C6820083D42F /* ViewController.h */ = {isa = PBXFileReference; lastKnownFileType = sourcecode.c.h; path = ViewController.h; sourceTree = "<group>"; };
		291C181D2553C6820083D42F /* ViewController.m */ = {isa = PBXFileReference; lastKnownFileType = sourcecode.c.objc; path = ViewController.m; sourceTree = "<group>"; };
		291C18202553C6820083D42F /* Base */ = {isa = PBXFileReference; lastKnownFileType = file.storyboard; name = Base; path = Base.lproj/Main.storyboard; sourceTree = "<group>"; };
		291C18222553C6840083D42F /* Assets.xcassets */ = {isa = PBXFileReference; lastKnownFileType = folder.assetcatalog; path = Assets.xcassets; sourceTree = "<group>"; };
		291C18252553C6840083D42F /* Base */ = {isa = PBXFileReference; lastKnownFileType = file.storyboard; name = Base; path = Base.lproj/LaunchScreen.storyboard; sourceTree = "<group>"; };
		291C18272553C6840083D42F /* Info.plist */ = {isa = PBXFileReference; lastKnownFileType = text.plist.xml; path = Info.plist; sourceTree = "<group>"; };
		291C18282553C6840083D42F /* main.m */ = {isa = PBXFileReference; lastKnownFileType = sourcecode.c.objc; path = main.m; sourceTree = "<group>"; };
		291C18372553C7F80083D42F /* Podfile */ = {isa = PBXFileReference; lastKnownFileType = text; path = Podfile; sourceTree = "<group>"; xcLanguageSpecificationIdentifier = xcode.lang.ruby; };
		56C6D8524C1B91E22B1D92D5 /* libPods-YXNetworkManagerDemo.a */ = {isa = PBXFileReference; explicitFileType = archive.ar; includeInIndex = 0; path = "libPods-YXNetworkManagerDemo.a"; sourceTree = BUILT_PRODUCTS_DIR; };
		A5C9AAEA8C0ACDF9D1863143 /* Pods-YXNetworkManagerDemo.release.xcconfig */ = {isa = PBXFileReference; includeInIndex = 1; lastKnownFileType = text.xcconfig; name = "Pods-YXNetworkManagerDemo.release.xcconfig"; path = "Target Support Files/Pods-YXNetworkManagerDemo/Pods-YXNetworkManagerDemo.release.xcconfig"; sourceTree = "<group>"; };
/* End PBXFileReference section */

/* Begin PBXFrameworksBuildPhase section */
		291C18102553C6820083D42F /* Frameworks */ = {
			isa = PBXFrameworksBuildPhase;
			buildActionMask = 2147483647;
			files = (
				6E7446F95579234281A44727 /* libPods-YXNetworkManagerDemo.a in Frameworks */,
			);
			runOnlyForDeploymentPostprocessing = 0;
		};
/* End PBXFrameworksBuildPhase section */

/* Begin PBXGroup section */
		291C180A2553C6820083D42F = {
			isa = PBXGroup;
			children = (
				291C18372553C7F80083D42F /* Podfile */,
				291C18152553C6820083D42F /* YXNetworkManagerDemo */,
				291C18142553C6820083D42F /* Products */,
				E0CD01DD785DCD70B5905E32 /* Pods */,
				5893CD6A664F366FB6379556 /* Frameworks */,
			);
			sourceTree = "<group>";
		};
		291C18142553C6820083D42F /* Products */ = {
			isa = PBXGroup;
			children = (
				291C18132553C6820083D42F /* YXNetworkManagerDemo.app */,
			);
			name = Products;
			sourceTree = "<group>";
		};
		291C18152553C6820083D42F /* YXNetworkManagerDemo */ = {
			isa = PBXGroup;
			children = (
				291C18162553C6820083D42F /* AppDelegate.h */,
				291C18172553C6820083D42F /* AppDelegate.m */,
				291C18192553C6820083D42F /* SceneDelegate.h */,
				291C181A2553C6820083D42F /* SceneDelegate.m */,
				291C181C2553C6820083D42F /* ViewController.h */,
				291C181D2553C6820083D42F /* ViewController.m */,
				291C181F2553C6820083D42F /* Main.storyboard */,
				291C18222553C6840083D42F /* Assets.xcassets */,
				291C18242553C6840083D42F /* LaunchScreen.storyboard */,
				291C18272553C6840083D42F /* Info.plist */,
				291C18282553C6840083D42F /* main.m */,
			);
			path = YXNetworkManagerDemo;
			sourceTree = "<group>";
		};
		5893CD6A664F366FB6379556 /* Frameworks */ = {
			isa = PBXGroup;
			children = (
				56C6D8524C1B91E22B1D92D5 /* libPods-YXNetworkManagerDemo.a */,
			);
			name = Frameworks;
			sourceTree = "<group>";
		};
		E0CD01DD785DCD70B5905E32 /* Pods */ = {
			isa = PBXGroup;
			children = (
				077442649DDDE6746BC06BF1 /* Pods-YXNetworkManagerDemo.debug.xcconfig */,
				A5C9AAEA8C0ACDF9D1863143 /* Pods-YXNetworkManagerDemo.release.xcconfig */,
			);
			path = Pods;
			sourceTree = "<group>";
		};
/* End PBXGroup section */

/* Begin PBXNativeTarget section */
		291C18122553C6820083D42F /* YXNetworkManagerDemo */ = {
			isa = PBXNativeTarget;
			buildConfigurationList = 291C182C2553C6840083D42F /* Build configuration list for PBXNativeTarget "YXNetworkManagerDemo" */;
			buildPhases = (
				B0CBA4856953EB106AD3BEE3 /* [CP] Check Pods Manifest.lock */,
				291C180F2553C6820083D42F /* Sources */,
				291C18102553C6820083D42F /* Frameworks */,
				291C18112553C6820083D42F /* Resources */,
			);
			buildRules = (
			);
			dependencies = (
			);
			name = YXNetworkManagerDemo;
			productName = YXNetworkManagerDemo;
			productReference = 291C18132553C6820083D42F /* YXNetworkManagerDemo.app */;
			productType = "com.apple.product-type.application";
		};
/* End PBXNativeTarget section */

/* Begin PBXProject section */
		291C180B2553C6820083D42F /* Project object */ = {
			isa = PBXProject;
			attributes = {
				LastUpgradeCheck = 1200;
				TargetAttributes = {
					291C18122553C6820083D42F = {
						CreatedOnToolsVersion = 12.0.1;
					};
				};
			};
			buildConfigurationList = 291C180E2553C6820083D42F /* Build configuration list for PBXProject "YXNetworkManagerDemo" */;
			compatibilityVersion = "Xcode 9.3";
			developmentRegion = en;
			hasScannedForEncodings = 0;
			knownRegions = (
				en,
				Base,
			);
			mainGroup = 291C180A2553C6820083D42F;
			productRefGroup = 291C18142553C6820083D42F /* Products */;
			projectDirPath = "";
			projectRoot = "";
			targets = (
				291C18122553C6820083D42F /* YXNetworkManagerDemo */,
			);
		};
/* End PBXProject section */

/* Begin PBXResourcesBuildPhase section */
		291C18112553C6820083D42F /* Resources */ = {
			isa = PBXResourcesBuildPhase;
			buildActionMask = 2147483647;
			files = (
				291C18262553C6840083D42F /* LaunchScreen.storyboard in Resources */,
				291C18232553C6840083D42F /* Assets.xcassets in Resources */,
				291C18382553C7F80083D42F /* Podfile in Resources */,
				291C18212553C6820083D42F /* Main.storyboard in Resources */,
			);
			runOnlyForDeploymentPostprocessing = 0;
		};
/* End PBXResourcesBuildPhase section */

/* Begin PBXShellScriptBuildPhase section */
		B0CBA4856953EB106AD3BEE3 /* [CP] Check Pods Manifest.lock */ = {
			isa = PBXShellScriptBuildPhase;
			buildActionMask = 2147483647;
			files = (
			);
			inputFileListPaths = (
			);
			inputPaths = (
				"${PODS_PODFILE_DIR_PATH}/Podfile.lock",
				"${PODS_ROOT}/Manifest.lock",
			);
			name = "[CP] Check Pods Manifest.lock";
			outputFileListPaths = (
			);
			outputPaths = (
				"$(DERIVED_FILE_DIR)/Pods-YXNetworkManagerDemo-checkManifestLockResult.txt",
			);
			runOnlyForDeploymentPostprocessing = 0;
			shellPath = /bin/sh;
			shellScript = "diff \"${PODS_PODFILE_DIR_PATH}/Podfile.lock\" \"${PODS_ROOT}/Manifest.lock\" > /dev/null\nif [ $? != 0 ] ; then\n    # print error to STDERR\n    echo \"error: The sandbox is not in sync with the Podfile.lock. Run 'pod install' or update your CocoaPods installation.\" >&2\n    exit 1\nfi\n# This output is used by Xcode 'outputs' to avoid re-running this script phase.\necho \"SUCCESS\" > \"${SCRIPT_OUTPUT_FILE_0}\"\n";
			showEnvVarsInLog = 0;
		};
/* End PBXShellScriptBuildPhase section */

/* Begin PBXSourcesBuildPhase section */
		291C180F2553C6820083D42F /* Sources */ = {
			isa = PBXSourcesBuildPhase;
			buildActionMask = 2147483647;
			files = (
				291C181E2553C6820083D42F /* ViewController.m in Sources */,
				291C18182553C6820083D42F /* AppDelegate.m in Sources */,
				291C18292553C6840083D42F /* main.m in Sources */,
				291C181B2553C6820083D42F /* SceneDelegate.m in Sources */,
			);
			runOnlyForDeploymentPostprocessing = 0;
		};
/* End PBXSourcesBuildPhase section */

/* Begin PBXVariantGroup section */
		291C181F2553C6820083D42F /* Main.storyboard */ = {
			isa = PBXVariantGroup;
			children = (
				291C18202553C6820083D42F /* Base */,
			);
			name = Main.storyboard;
			sourceTree = "<group>";
		};
		291C18242553C6840083D42F /* LaunchScreen.storyboard */ = {
			isa = PBXVariantGroup;
			children = (
				291C18252553C6840083D42F /* Base */,
			);
			name = LaunchScreen.storyboard;
			sourceTree = "<group>";
		};
/* End PBXVariantGroup section */

/* Begin XCBuildConfiguration section */
		291C182A2553C6840083D42F /* Debug */ = {
			isa = XCBuildConfiguration;
			buildSettings = {
				ALWAYS_SEARCH_USER_PATHS = NO;
				CLANG_ANALYZER_NONNULL = YES;
				CLANG_ANALYZER_NUMBER_OBJECT_CONVERSION = YES_AGGRESSIVE;
				CLANG_CXX_LANGUAGE_STANDARD = "gnu++14";
				CLANG_CXX_LIBRARY = "libc++";
				CLANG_ENABLE_MODULES = YES;
				CLANG_ENABLE_OBJC_ARC = YES;
				CLANG_ENABLE_OBJC_WEAK = YES;
				CLANG_WARN_BLOCK_CAPTURE_AUTORELEASING = YES;
				CLANG_WARN_BOOL_CONVERSION = YES;
				CLANG_WARN_COMMA = YES;
				CLANG_WARN_CONSTANT_CONVERSION = YES;
				CLANG_WARN_DEPRECATED_OBJC_IMPLEMENTATIONS = YES;
				CLANG_WARN_DIRECT_OBJC_ISA_USAGE = YES_ERROR;
				CLANG_WARN_DOCUMENTATION_COMMENTS = YES;
				CLANG_WARN_EMPTY_BODY = YES;
				CLANG_WARN_ENUM_CONVERSION = YES;
				CLANG_WARN_INFINITE_RECURSION = YES;
				CLANG_WARN_INT_CONVERSION = YES;
				CLANG_WARN_NON_LITERAL_NULL_CONVERSION = YES;
				CLANG_WARN_OBJC_IMPLICIT_RETAIN_SELF = YES;
				CLANG_WARN_OBJC_LITERAL_CONVERSION = YES;
				CLANG_WARN_OBJC_ROOT_CLASS = YES_ERROR;
				CLANG_WARN_QUOTED_INCLUDE_IN_FRAMEWORK_HEADER = YES;
				CLANG_WARN_RANGE_LOOP_ANALYSIS = YES;
				CLANG_WARN_STRICT_PROTOTYPES = YES;
				CLANG_WARN_SUSPICIOUS_MOVE = YES;
				CLANG_WARN_UNGUARDED_AVAILABILITY = YES_AGGRESSIVE;
				CLANG_WARN_UNREACHABLE_CODE = YES;
				CLANG_WARN__DUPLICATE_METHOD_MATCH = YES;
				COPY_PHASE_STRIP = NO;
				DEBUG_INFORMATION_FORMAT = dwarf;
				ENABLE_STRICT_OBJC_MSGSEND = YES;
				ENABLE_TESTABILITY = YES;
				GCC_C_LANGUAGE_STANDARD = gnu11;
				GCC_DYNAMIC_NO_PIC = NO;
				GCC_NO_COMMON_BLOCKS = YES;
				GCC_OPTIMIZATION_LEVEL = 0;
				GCC_PREPROCESSOR_DEFINITIONS = (
					"DEBUG=1",
					"$(inherited)",
				);
				GCC_WARN_64_TO_32_BIT_CONVERSION = YES;
				GCC_WARN_ABOUT_RETURN_TYPE = YES_ERROR;
				GCC_WARN_UNDECLARED_SELECTOR = YES;
				GCC_WARN_UNINITIALIZED_AUTOS = YES_AGGRESSIVE;
				GCC_WARN_UNUSED_FUNCTION = YES;
				GCC_WARN_UNUSED_VARIABLE = YES;
				IPHONEOS_DEPLOYMENT_TARGET = 14.0;
				MTL_ENABLE_DEBUG_INFO = INCLUDE_SOURCE;
				MTL_FAST_MATH = YES;
				ONLY_ACTIVE_ARCH = YES;
				SDKROOT = iphoneos;
			};
			name = Debug;
		};
		291C182B2553C6840083D42F /* Release */ = {
			isa = XCBuildConfiguration;
			buildSettings = {
				ALWAYS_SEARCH_USER_PATHS = NO;
				CLANG_ANALYZER_NONNULL = YES;
				CLANG_ANALYZER_NUMBER_OBJECT_CONVERSION = YES_AGGRESSIVE;
				CLANG_CXX_LANGUAGE_STANDARD = "gnu++14";
				CLANG_CXX_LIBRARY = "libc++";
				CLANG_ENABLE_MODULES = YES;
				CLANG_ENABLE_OBJC_ARC = YES;
				CLANG_ENABLE_OBJC_WEAK = YES;
				CLANG_WARN_BLOCK_CAPTURE_AUTORELEASING = YES;
				CLANG_WARN_BOOL_CONVERSION = YES;
				CLANG_WARN_COMMA = YES;
				CLANG_WARN_CONSTANT_CONVERSION = YES;
				CLANG_WARN_DEPRECATED_OBJC_IMPLEMENTATIONS = YES;
				CLANG_WARN_DIRECT_OBJC_ISA_USAGE = YES_ERROR;
				CLANG_WARN_DOCUMENTATION_COMMENTS = YES;
				CLANG_WARN_EMPTY_BODY = YES;
				CLANG_WARN_ENUM_CONVERSION = YES;
				CLANG_WARN_INFINITE_RECURSION = YES;
				CLANG_WARN_INT_CONVERSION = YES;
				CLANG_WARN_NON_LITERAL_NULL_CONVERSION = YES;
				CLANG_WARN_OBJC_IMPLICIT_RETAIN_SELF = YES;
				CLANG_WARN_OBJC_LITERAL_CONVERSION = YES;
				CLANG_WARN_OBJC_ROOT_CLASS = YES_ERROR;
				CLANG_WARN_QUOTED_INCLUDE_IN_FRAMEWORK_HEADER = YES;
				CLANG_WARN_RANGE_LOOP_ANALYSIS = YES;
				CLANG_WARN_STRICT_PROTOTYPES = YES;
				CLANG_WARN_SUSPICIOUS_MOVE = YES;
				CLANG_WARN_UNGUARDED_AVAILABILITY = YES_AGGRESSIVE;
				CLANG_WARN_UNREACHABLE_CODE = YES;
				CLANG_WARN__DUPLICATE_METHOD_MATCH = YES;
				COPY_PHASE_STRIP = NO;
				DEBUG_INFORMATION_FORMAT = "dwarf-with-dsym";
				ENABLE_NS_ASSERTIONS = NO;
				ENABLE_STRICT_OBJC_MSGSEND = YES;
				GCC_C_LANGUAGE_STANDARD = gnu11;
				GCC_NO_COMMON_BLOCKS = YES;
				GCC_WARN_64_TO_32_BIT_CONVERSION = YES;
				GCC_WARN_ABOUT_RETURN_TYPE = YES_ERROR;
				GCC_WARN_UNDECLARED_SELECTOR = YES;
				GCC_WARN_UNINITIALIZED_AUTOS = YES_AGGRESSIVE;
				GCC_WARN_UNUSED_FUNCTION = YES;
				GCC_WARN_UNUSED_VARIABLE = YES;
				IPHONEOS_DEPLOYMENT_TARGET = 14.0;
				MTL_ENABLE_DEBUG_INFO = NO;
				MTL_FAST_MATH = YES;
				SDKROOT = iphoneos;
				VALIDATE_PRODUCT = YES;
			};
			name = Release;
		};
		291C182D2553C6840083D42F /* Debug */ = {
			isa = XCBuildConfiguration;
			baseConfigurationReference = 077442649DDDE6746BC06BF1 /* Pods-YXNetworkManagerDemo.debug.xcconfig */;
			buildSettings = {
				ASSETCATALOG_COMPILER_APPICON_NAME = AppIcon;
				ASSETCATALOG_COMPILER_GLOBAL_ACCENT_COLOR_NAME = AccentColor;
				CODE_SIGN_STYLE = Automatic;
				DEVELOPMENT_TEAM = BX89G3F8M3;
				INFOPLIST_FILE = YXNetworkManagerDemo/Info.plist;
				IPHONEOS_DEPLOYMENT_TARGET = 9.0;
				LD_RUNPATH_SEARCH_PATHS = (
					"$(inherited)",
					"@executable_path/Frameworks",
				);
				PRODUCT_BUNDLE_IDENTIFIER = com.yunxiao.network.YXNetworkManagerDemo;
				PRODUCT_NAME = "$(TARGET_NAME)";
				TARGETED_DEVICE_FAMILY = "1,2";
			};
			name = Debug;
		};
		291C182E2553C6840083D42F /* Release */ = {
			isa = XCBuildConfiguration;
			baseConfigurationReference = A5C9AAEA8C0ACDF9D1863143 /* Pods-YXNetworkManagerDemo.release.xcconfig */;
			buildSettings = {
				ASSETCATALOG_COMPILER_APPICON_NAME = AppIcon;
				ASSETCATALOG_COMPILER_GLOBAL_ACCENT_COLOR_NAME = AccentColor;
				CODE_SIGN_STYLE = Automatic;
				DEVELOPMENT_TEAM = BX89G3F8M3;
				INFOPLIST_FILE = YXNetworkManagerDemo/Info.plist;
				IPHONEOS_DEPLOYMENT_TARGET = 9.0;
				LD_RUNPATH_SEARCH_PATHS = (
					"$(inherited)",
					"@executable_path/Frameworks",
				);
				PRODUCT_BUNDLE_IDENTIFIER = com.yunxiao.network.YXNetworkManagerDemo;
				PRODUCT_NAME = "$(TARGET_NAME)";
				TARGETED_DEVICE_FAMILY = "1,2";
			};
			name = Release;
		};
/* End XCBuildConfiguration section */

/* Begin XCConfigurationList section */
		291C180E2553C6820083D42F /* Build configuration list for PBXProject "YXNetworkManagerDemo" */ = {
			isa = XCConfigurationList;
			buildConfigurations = (
				291C182A2553C6840083D42F /* Debug */,
				291C182B2553C6840083D42F /* Release */,
			);
			defaultConfigurationIsVisible = 0;
			defaultConfigurationName = Release;
		};
		291C182C2553C6840083D42F /* Build configuration list for PBXNativeTarget "YXNetworkManagerDemo" */ = {
			isa = XCConfigurationList;
			buildConfigurations = (
				291C182D2553C6840083D42F /* Debug */,
				291C182E2553C6840083D42F /* Release */,
			);
			defaultConfigurationIsVisible = 0;
			defaultConfigurationName = Release;
		};
/* End XCConfigurationList section */
	};
	rootObject = 291C180B2553C6820083D42F /* Project object */;
}
